
Microsoft Visual Studio Solution File, Format Version 12.00
# Visual Studio 15
VisualStudioVersion = 15.0.28010.2016
MinimumVisualStudioVersion = 10.0.40219.1
Project("{FAE04EC0-301F-11D3-BF4B-00C04F79EFBC}") = "LibraryClassTransfile", "LibraryClassTransfile\LibraryClassTransfile.csproj", "{8F12DEAA-4870-498E-B197-C9969671E544}"
EndProject
Project("{FAE04EC0-301F-11D3-BF4B-00C04F79EFBC}") = "TransfileService", "TransfileService\TransfileService.csproj", "{6D7BCB05-523B-46DD-B70A-3F2AA9553F6F}"
EndProject
Project("{FAE04EC0-301F-11D3-BF4B-00C04F79EFBC}") = "DataTransfile", "DataTransfile\DataTransfile.csproj", "{5B5F4835-8169-4419-B8F2-F128070BC6CF}"
EndProject
Project("{FAE04EC0-301F-11D3-BF4B-00C04F79EFBC}") = "FormTest", "FormTest\FormTest.csproj", "{DFDE54DD-677C-4249-BD2C-E12D0C3A9F70}"
EndProject
Global
	GlobalSection(SolutionConfigurationPlatforms) = preSolution
		Debug|Any CPU = Debug|Any CPU
		Release|Any CPU = Release|Any CPU
	EndGlobalSection
	GlobalSection(ProjectConfigurationPlatforms) = postSolution
		{8F12DEAA-4870-498E-B197-C9969671E544}.Debug|Any CPU.ActiveCfg = Debug|Any CPU
		{8F12DEAA-4870-498E-B197-C9969671E544}.Debug|Any CPU.Build.0 = Debug|Any CPU
		{8F12DEAA-4870-498E-B197-C9969671E544}.Release|Any CPU.ActiveCfg = Release|Any CPU
		{8F12DEAA-4870-498E-B197-C9969671E544}.Release|Any CPU.Build.0 = Release|Any CPU
		{6D7BCB05-523B-46DD-B70A-3F2AA9553F6F}.Debug|Any CPU.ActiveCfg = Debug|Any CPU
		{6D7BCB05-523B-46DD-B70A-3F2AA9553F6F}.Debug|Any CPU.Build.0 = Debug|Any CPU
		{6D7BCB05-523B-46DD-B70A-3F2AA9553F6F}.Release|Any CPU.ActiveCfg = Release|Any CPU
		{6D7BCB05-523B-46DD-B70A-3F2AA9553F6F}.Release|Any CPU.Build.0 = Release|Any CPU
		{5B5F4835-8169-4419-B8F2-F128070BC6CF}.Debug|Any CPU.ActiveCfg = Debug|Any CPU
		{5B5F4835-8169-4419-B8F2-F128070BC6CF}.Debug|Any CPU.Build.0 = Debug|Any CPU
		{5B5F4835-8169-4419-B8F2-F128070BC6CF}.Release|Any CPU.ActiveCfg = Release|Any CPU
		{5B5F4835-8169-4419-B8F2-F128070BC6CF}.Release|Any CPU.Build.0 = Release|Any CPU
		{DFDE54DD-677C-4249-BD2C-E12D0C3A9F70}.Debug|Any CPU.ActiveCfg = Debug|Any CPU
		{DFDE54DD-677C-4249-BD2C-E12D0C3A9F70}.Debug|Any CPU.Build.0 = Debug|Any CPU
		{DFDE54DD-677C-4249-BD2C-E12D0C3A9F70}.Release|Any CPU.ActiveCfg = Release|Any CPU
		{DFDE54DD-677C-4249-BD2C-E12D0C3A9F70}.Release|Any CPU.Build.0 = Release|Any CPU
	EndGlobalSection
	GlobalSection(SolutionProperties) = preSolution
		HideSolutionNode = FALSE
	EndGlobalSection
	GlobalSection(ExtensibilityGlobals) = postSolution
		SolutionGuid = {BABE3C83-E08F-4B30-99B9-29469A1F12C3}
	EndGlobalSection
EndGlobal
