
Microsoft Visual Studio Solution File, Format Version 12.00
# Visual Studio Version 16
VisualStudioVersion = 16.0.28822.285
MinimumVisualStudioVersion = 10.0.40219.1
Project("{FAE04EC0-301F-11D3-BF4B-00C04F79EFBC}") = "TransfFile2.0", "TransfFile2.0\TransfFile2.0.csproj", "{BB56A557-6381-4B7C-8883-7F28CF5A4CA8}"
EndProject
Project("{FAE04EC0-301F-11D3-BF4B-00C04F79EFBC}") = "LibraryTrasfFile", "LibraryTrasfFile\LibraryTrasfFile.csproj", "{2C0FBAC8-14B3-4613-BB19-5A142B7E69DA}"
EndProject
Project("{9A19103F-16F7-4668-BE54-9A1E7A4F7556}") = "NomadWorkAapi", "NomadWorkAapi\NomadWorkAapi.csproj", "{1915DDB8-EAEB-449D-A1D8-D09884F02B12}"
EndProject
Global
	GlobalSection(SolutionConfigurationPlatforms) = preSolution
		Debug|Any CPU = Debug|Any CPU
		Release|Any CPU = Release|Any CPU
	EndGlobalSection
	GlobalSection(ProjectConfigurationPlatforms) = postSolution
		{BB56A557-6381-4B7C-8883-7F28CF5A4CA8}.Debug|Any CPU.ActiveCfg = Debug|Any CPU
		{BB56A557-6381-4B7C-8883-7F28CF5A4CA8}.Debug|Any CPU.Build.0 = Debug|Any CPU
		{BB56A557-6381-4B7C-8883-7F28CF5A4CA8}.Release|Any CPU.ActiveCfg = Release|Any CPU
		{BB56A557-6381-4B7C-8883-7F28CF5A4CA8}.Release|Any CPU.Build.0 = Release|Any CPU
		{2C0FBAC8-14B3-4613-BB19-5A142B7E69DA}.Debug|Any CPU.ActiveCfg = Debug|Any CPU
		{2C0FBAC8-14B3-4613-BB19-5A142B7E69DA}.Debug|Any CPU.Build.0 = Debug|Any CPU
		{2C0FBAC8-14B3-4613-BB19-5A142B7E69DA}.Release|Any CPU.ActiveCfg = Release|Any CPU
		{2C0FBAC8-14B3-4613-BB19-5A142B7E69DA}.Release|Any CPU.Build.0 = Release|Any CPU
		{1915DDB8-EAEB-449D-A1D8-D09884F02B12}.Debug|Any CPU.ActiveCfg = Debug|Any CPU
		{1915DDB8-EAEB-449D-A1D8-D09884F02B12}.Debug|Any CPU.Build.0 = Debug|Any CPU
		{1915DDB8-EAEB-449D-A1D8-D09884F02B12}.Release|Any CPU.ActiveCfg = Release|Any CPU
		{1915DDB8-EAEB-449D-A1D8-D09884F02B12}.Release|Any CPU.Build.0 = Release|Any CPU
	EndGlobalSection
	GlobalSection(SolutionProperties) = preSolution
		HideSolutionNode = FALSE
	EndGlobalSection
	GlobalSection(ExtensibilityGlobals) = postSolution
		SolutionGuid = {5E0158BD-6D5F-43C2-A7BD-028084947770}
	EndGlobalSection
EndGlobal
